
Microsoft Visual Studio Solution File, Format Version 12.00
# Visual Studio 14
VisualStudioVersion = 14.0.25420.1
MinimumVisualStudioVersion = 10.0.40219.1
Project("{FAE04EC0-301F-11D3-BF4B-00C04F79EFBC}") = "GameFramework", "GameFramework\GameFramework.csproj", "{109D7F39-79AB-4862-9F73-0B8C638930C6}"
EndProject
Project("{FAE04EC0-301F-11D3-BF4B-00C04F79EFBC}") = "UnityRuntimeFramework", "UnityRuntimeFramework\UnityRuntimeFramework.csproj", "{CF43F590-3900-4231-8F1C-62B788C20455}"
EndProject
Project("{FAE04EC0-301F-11D3-BF4B-00C04F79EFBC}") = "UnityEditorExtension", "UnityEditorExtension\UnityEditorExtension.csproj", "{28FF7B3E-B34F-4839-9761-EA444B609EE8}"
EndProject
Project("{FAE04EC0-301F-11D3-BF4B-00C04F79EFBC}") = "GUISystem", "GUISystem\GUISystem.csproj", "{8E90FF95-73D0-4BDB-8EBB-EBAB92737015}"
EndProject
Project("{FAE04EC0-301F-11D3-BF4B-00C04F79EFBC}") = "GameMain", "GameMain\GameMain.csproj", "{2B4800A4-FA33-4D7F-A212-3802B43B5256}"
EndProject
Project("{FAE04EC0-301F-11D3-BF4B-00C04F79EFBC}") = "XLuaSrc", "XLuaSrc\XLuaSrc.csproj", "{BD14B82A-311E-46CF-8684-788F4D2760DF}"
EndProject
Global
	GlobalSection(SolutionConfigurationPlatforms) = preSolution
		Debug|Any CPU = Debug|Any CPU
		Release|Any CPU = Release|Any CPU
	EndGlobalSection
	GlobalSection(ProjectConfigurationPlatforms) = postSolution
		{109D7F39-79AB-4862-9F73-0B8C638930C6}.Debug|Any CPU.ActiveCfg = Debug|Any CPU
		{109D7F39-79AB-4862-9F73-0B8C638930C6}.Debug|Any CPU.Build.0 = Debug|Any CPU
		{109D7F39-79AB-4862-9F73-0B8C638930C6}.Release|Any CPU.ActiveCfg = Release|Any CPU
		{109D7F39-79AB-4862-9F73-0B8C638930C6}.Release|Any CPU.Build.0 = Release|Any CPU
		{CF43F590-3900-4231-8F1C-62B788C20455}.Debug|Any CPU.ActiveCfg = Debug|Any CPU
		{CF43F590-3900-4231-8F1C-62B788C20455}.Debug|Any CPU.Build.0 = Debug|Any CPU
		{CF43F590-3900-4231-8F1C-62B788C20455}.Release|Any CPU.ActiveCfg = Release|Any CPU
		{CF43F590-3900-4231-8F1C-62B788C20455}.Release|Any CPU.Build.0 = Release|Any CPU
		{28FF7B3E-B34F-4839-9761-EA444B609EE8}.Debug|Any CPU.ActiveCfg = Debug|Any CPU
		{28FF7B3E-B34F-4839-9761-EA444B609EE8}.Debug|Any CPU.Build.0 = Debug|Any CPU
		{28FF7B3E-B34F-4839-9761-EA444B609EE8}.Release|Any CPU.ActiveCfg = Release|Any CPU
		{28FF7B3E-B34F-4839-9761-EA444B609EE8}.Release|Any CPU.Build.0 = Release|Any CPU
		{8E90FF95-73D0-4BDB-8EBB-EBAB92737015}.Debug|Any CPU.ActiveCfg = Debug|Any CPU
		{8E90FF95-73D0-4BDB-8EBB-EBAB92737015}.Debug|Any CPU.Build.0 = Debug|Any CPU
		{8E90FF95-73D0-4BDB-8EBB-EBAB92737015}.Release|Any CPU.ActiveCfg = Release|Any CPU
		{8E90FF95-73D0-4BDB-8EBB-EBAB92737015}.Release|Any CPU.Build.0 = Release|Any CPU
		{2B4800A4-FA33-4D7F-A212-3802B43B5256}.Debug|Any CPU.ActiveCfg = Debug|Any CPU
		{2B4800A4-FA33-4D7F-A212-3802B43B5256}.Debug|Any CPU.Build.0 = Debug|Any CPU
		{2B4800A4-FA33-4D7F-A212-3802B43B5256}.Release|Any CPU.ActiveCfg = Release|Any CPU
		{2B4800A4-FA33-4D7F-A212-3802B43B5256}.Release|Any CPU.Build.0 = Release|Any CPU
		{BD14B82A-311E-46CF-8684-788F4D2760DF}.Debug|Any CPU.ActiveCfg = Debug|Any CPU
		{BD14B82A-311E-46CF-8684-788F4D2760DF}.Debug|Any CPU.Build.0 = Debug|Any CPU
		{BD14B82A-311E-46CF-8684-788F4D2760DF}.Release|Any CPU.ActiveCfg = Release|Any CPU
		{BD14B82A-311E-46CF-8684-788F4D2760DF}.Release|Any CPU.Build.0 = Release|Any CPU
	EndGlobalSection
	GlobalSection(SolutionProperties) = preSolution
		HideSolutionNode = FALSE
	EndGlobalSection
EndGlobal
